// !$*UTF8*$!
{
	archiveVersion = 1;
	classes = {
	};
	objectVersion = 51;
	objects = {

/* Begin PBXBuildFile section */
		8B0517A1255E468800D5F491 /* AppDelegate.swift in Sources */ = {isa = PBXBuildFile; fileRef = 8B0517A0255E468800D5F491 /* AppDelegate.swift */; };
		8B0517A3255E468800D5F491 /* SceneDelegate.swift in Sources */ = {isa = PBXBuildFile; fileRef = 8B0517A2255E468800D5F491 /* SceneDelegate.swift */; };
		8B0517A8255E468800D5F491 /* Main.storyboard in Resources */ = {isa = PBXBuildFile; fileRef = 8B0517A6255E468800D5F491 /* Main.storyboard */; };
		8B0517AA255E468A00D5F491 /* Assets.xcassets in Resources */ = {isa = PBXBuildFile; fileRef = 8B0517A9255E468A00D5F491 /* Assets.xcassets */; };
		8B0517AD255E468A00D5F491 /* LaunchScreen.storyboard in Resources */ = {isa = PBXBuildFile; fileRef = 8B0517AB255E468A00D5F491 /* LaunchScreen.storyboard */; };
		8B3C1EBB255E66F400184D1A /* BaseVC.swift in Sources */ = {isa = PBXBuildFile; fileRef = 8B3C1EBA255E66F400184D1A /* BaseVC.swift */; };
		8B3C1EBF255E671400184D1A /* BaseConfigurator.swift in Sources */ = {isa = PBXBuildFile; fileRef = 8B3C1EBE255E671400184D1A /* BaseConfigurator.swift */; };
		8B3C1EC2255E681100184D1A /* Environments.plist in Resources */ = {isa = PBXBuildFile; fileRef = 8B3C1EC1255E681100184D1A /* Environments.plist */; };
		8B3C1EC9255E699000184D1A /* HTTPMethod.swift in Sources */ = {isa = PBXBuildFile; fileRef = 8B3C1EC8255E699000184D1A /* HTTPMethod.swift */; };
		8B3C1ECC255E69AB00184D1A /* EndPointType.swift in Sources */ = {isa = PBXBuildFile; fileRef = 8B3C1ECB255E69AB00184D1A /* EndPointType.swift */; };
		8B3C1ECF255E69B900184D1A /* HTTPTask.swift in Sources */ = {isa = PBXBuildFile; fileRef = 8B3C1ECE255E69B900184D1A /* HTTPTask.swift */; };
		8B3C1ED2255E69CF00184D1A /* NetworkLogger.swift in Sources */ = {isa = PBXBuildFile; fileRef = 8B3C1ED1255E69CF00184D1A /* NetworkLogger.swift */; };
		8B3C1ED5255E6CA200184D1A /* NetworkManager.swift in Sources */ = {isa = PBXBuildFile; fileRef = 8B3C1ED4255E6CA200184D1A /* NetworkManager.swift */; };
		8B3C1EDA255E6E5C00184D1A /* NewsEndpoint.swift in Sources */ = {isa = PBXBuildFile; fileRef = 8B3C1ED9255E6E5C00184D1A /* NewsEndpoint.swift */; };
		8B667C92255E4EEC00D433FF /* RNUser.swift in Sources */ = {isa = PBXBuildFile; fileRef = 8B667C91255E4EEC00D433FF /* RNUser.swift */; };
		8B667C99255E524700D433FF /* RNNews.swift in Sources */ = {isa = PBXBuildFile; fileRef = 8B667C98255E524700D433FF /* RNNews.swift */; };
		8B667C9D255E52E900D433FF /* MainVC.swift in Sources */ = {isa = PBXBuildFile; fileRef = 8B667C9C255E52E900D433FF /* MainVC.swift */; };
		8B667CA8255E61E300D433FF /* Router.swift in Sources */ = {isa = PBXBuildFile; fileRef = 8B667CA7255E61E300D433FF /* Router.swift */; };
		B2FB654E817CC3EF38222C9C /* Pods_Reign_News.framework in Frameworks */ = {isa = PBXBuildFile; fileRef = AF2293BC037F77E270AF19F2 /* Pods_Reign_News.framework */; };
/* End PBXBuildFile section */

/* Begin PBXFileReference section */
		53AA27186E056DD7C628622E /* Pods-Reign News.debug.xcconfig */ = {isa = PBXFileReference; includeInIndex = 1; lastKnownFileType = text.xcconfig; name = "Pods-Reign News.debug.xcconfig"; path = "Target Support Files/Pods-Reign News/Pods-Reign News.debug.xcconfig"; sourceTree = "<group>"; };
		8B05179D255E468800D5F491 /* Reign News.app */ = {isa = PBXFileReference; explicitFileType = wrapper.application; includeInIndex = 0; path = "Reign News.app"; sourceTree = BUILT_PRODUCTS_DIR; };
		8B0517A0255E468800D5F491 /* AppDelegate.swift */ = {isa = PBXFileReference; lastKnownFileType = sourcecode.swift; path = AppDelegate.swift; sourceTree = "<group>"; };
		8B0517A2255E468800D5F491 /* SceneDelegate.swift */ = {isa = PBXFileReference; lastKnownFileType = sourcecode.swift; path = SceneDelegate.swift; sourceTree = "<group>"; };
		8B0517A7255E468800D5F491 /* Base */ = {isa = PBXFileReference; lastKnownFileType = file.storyboard; name = Base; path = Base.lproj/Main.storyboard; sourceTree = "<group>"; };
		8B0517A9255E468A00D5F491 /* Assets.xcassets */ = {isa = PBXFileReference; lastKnownFileType = folder.assetcatalog; path = Assets.xcassets; sourceTree = "<group>"; };
		8B0517AC255E468A00D5F491 /* Base */ = {isa = PBXFileReference; lastKnownFileType = file.storyboard; name = Base; path = Base.lproj/LaunchScreen.storyboard; sourceTree = "<group>"; };
		8B0517AE255E468A00D5F491 /* Info.plist */ = {isa = PBXFileReference; lastKnownFileType = text.plist.xml; path = Info.plist; sourceTree = "<group>"; };
		8B3C1EBA255E66F400184D1A /* BaseVC.swift */ = {isa = PBXFileReference; lastKnownFileType = sourcecode.swift; path = BaseVC.swift; sourceTree = "<group>"; };
		8B3C1EBE255E671400184D1A /* BaseConfigurator.swift */ = {isa = PBXFileReference; lastKnownFileType = sourcecode.swift; path = BaseConfigurator.swift; sourceTree = "<group>"; };
		8B3C1EC1255E681100184D1A /* Environments.plist */ = {isa = PBXFileReference; lastKnownFileType = text.plist.xml; path = Environments.plist; sourceTree = "<group>"; };
		8B3C1EC8255E699000184D1A /* HTTPMethod.swift */ = {isa = PBXFileReference; lastKnownFileType = sourcecode.swift; path = HTTPMethod.swift; sourceTree = "<group>"; };
		8B3C1ECB255E69AB00184D1A /* EndPointType.swift */ = {isa = PBXFileReference; lastKnownFileType = sourcecode.swift; path = EndPointType.swift; sourceTree = "<group>"; };
		8B3C1ECE255E69B900184D1A /* HTTPTask.swift */ = {isa = PBXFileReference; lastKnownFileType = sourcecode.swift; path = HTTPTask.swift; sourceTree = "<group>"; };
		8B3C1ED1255E69CF00184D1A /* NetworkLogger.swift */ = {isa = PBXFileReference; lastKnownFileType = sourcecode.swift; path = NetworkLogger.swift; sourceTree = "<group>"; };
		8B3C1ED4255E6CA200184D1A /* NetworkManager.swift */ = {isa = PBXFileReference; lastKnownFileType = sourcecode.swift; path = NetworkManager.swift; sourceTree = "<group>"; };
		8B3C1ED9255E6E5C00184D1A /* NewsEndpoint.swift */ = {isa = PBXFileReference; lastKnownFileType = sourcecode.swift; path = NewsEndpoint.swift; sourceTree = "<group>"; };
		8B667C91255E4EEC00D433FF /* RNUser.swift */ = {isa = PBXFileReference; lastKnownFileType = sourcecode.swift; path = RNUser.swift; sourceTree = "<group>"; };
		8B667C98255E524700D433FF /* RNNews.swift */ = {isa = PBXFileReference; lastKnownFileType = sourcecode.swift; path = RNNews.swift; sourceTree = "<group>"; };
		8B667C9C255E52E900D433FF /* MainVC.swift */ = {isa = PBXFileReference; lastKnownFileType = sourcecode.swift; path = MainVC.swift; sourceTree = "<group>"; };
		8B667CA7255E61E300D433FF /* Router.swift */ = {isa = PBXFileReference; lastKnownFileType = sourcecode.swift; path = Router.swift; sourceTree = "<group>"; };
		AF2293BC037F77E270AF19F2 /* Pods_Reign_News.framework */ = {isa = PBXFileReference; explicitFileType = wrapper.framework; includeInIndex = 0; path = Pods_Reign_News.framework; sourceTree = BUILT_PRODUCTS_DIR; };
		C88B77A9DC4D1AF32F7FE5B8 /* Pods-Reign News.release.xcconfig */ = {isa = PBXFileReference; includeInIndex = 1; lastKnownFileType = text.xcconfig; name = "Pods-Reign News.release.xcconfig"; path = "Target Support Files/Pods-Reign News/Pods-Reign News.release.xcconfig"; sourceTree = "<group>"; };
/* End PBXFileReference section */

/* Begin PBXFrameworksBuildPhase section */
		8B05179A255E468800D5F491 /* Frameworks */ = {
			isa = PBXFrameworksBuildPhase;
			buildActionMask = 2147483647;
			files = (
				B2FB654E817CC3EF38222C9C /* Pods_Reign_News.framework in Frameworks */,
			);
			runOnlyForDeploymentPostprocessing = 0;
		};
/* End PBXFrameworksBuildPhase section */

/* Begin PBXGroup section */
		827464DE103A17693B995D4B /* Pods */ = {
			isa = PBXGroup;
			children = (
				53AA27186E056DD7C628622E /* Pods-Reign News.debug.xcconfig */,
				C88B77A9DC4D1AF32F7FE5B8 /* Pods-Reign News.release.xcconfig */,
			);
			path = Pods;
			sourceTree = "<group>";
		};
		8B051794255E468700D5F491 = {
			isa = PBXGroup;
			children = (
				8B05179F255E468800D5F491 /* Reign News */,
				8B05179E255E468800D5F491 /* Products */,
				827464DE103A17693B995D4B /* Pods */,
				D1BB6CC85B28D0C17FA4CA3F /* Frameworks */,
			);
			sourceTree = "<group>";
		};
		8B05179E255E468800D5F491 /* Products */ = {
			isa = PBXGroup;
			children = (
				8B05179D255E468800D5F491 /* Reign News.app */,
			);
			name = Products;
			sourceTree = "<group>";
		};
		8B05179F255E468800D5F491 /* Reign News */ = {
			isa = PBXGroup;
			children = (
				8B0517B8255E4AB200D5F491 /* Application */,
				8B0517BA255E4ACC00D5F491 /* Supporting Files */,
				8B0517B9255E4AC100D5F491 /* Assets */,
				8B0517B7255E4AA400D5F491 /* Models */,
				8B667C8F255E4B8700D433FF /* Services */,
			);
			path = "Reign News";
			sourceTree = "<group>";
		};
		8B0517B7255E4AA400D5F491 /* Models */ = {
			isa = PBXGroup;
			children = (
				8B667C91255E4EEC00D433FF /* RNUser.swift */,
				8B667C98255E524700D433FF /* RNNews.swift */,
			);
			path = Models;
			sourceTree = "<group>";
		};
		8B0517B8255E4AB200D5F491 /* Application */ = {
			isa = PBXGroup;
			children = (
				8B0517BB255E4B1500D5F491 /* Main */,
				8B667C9F255E535000D433FF /* Base */,
			);
			path = Application;
			sourceTree = "<group>";
		};
		8B0517B9255E4AC100D5F491 /* Assets */ = {
			isa = PBXGroup;
			children = (
				8B0517A9255E468A00D5F491 /* Assets.xcassets */,
			);
			path = Assets;
			sourceTree = "<group>";
		};
		8B0517BA255E4ACC00D5F491 /* Supporting Files */ = {
			isa = PBXGroup;
			children = (
				8B0517AB255E468A00D5F491 /* LaunchScreen.storyboard */,
				8B0517AE255E468A00D5F491 /* Info.plist */,
				8B3C1EC1255E681100184D1A /* Environments.plist */,
			);
			path = "Supporting Files";
			sourceTree = "<group>";
		};
		8B0517BB255E4B1500D5F491 /* Main */ = {
			isa = PBXGroup;
			children = (
				8B0517A2255E468800D5F491 /* SceneDelegate.swift */,
				8B0517A0255E468800D5F491 /* AppDelegate.swift */,
				8B0517A6255E468800D5F491 /* Main.storyboard */,
				8B667C9C255E52E900D433FF /* MainVC.swift */,
			);
			path = Main;
			sourceTree = "<group>";
		};
		8B3C1ED7255E6DF500184D1A /* Endpoints */ = {
			isa = PBXGroup;
			children = (
				8B3C1ED9255E6E5C00184D1A /* NewsEndpoint.swift */,
			);
			path = Endpoints;
			sourceTree = "<group>";
		};
		8B3C1ED8255E6E1A00184D1A /* Networking */ = {
			isa = PBXGroup;
			children = (
				8B667CA7255E61E300D433FF /* Router.swift */,
				8B3C1EC8255E699000184D1A /* HTTPMethod.swift */,
				8B3C1ECE255E69B900184D1A /* HTTPTask.swift */,
				8B3C1ECB255E69AB00184D1A /* EndPointType.swift */,
				8B3C1ED1255E69CF00184D1A /* NetworkLogger.swift */,
			);
			path = Networking;
			sourceTree = "<group>";
		};
		8B667C8F255E4B8700D433FF /* Services */ = {
			isa = PBXGroup;
			children = (
				8BDEE63E255E710600F9D5CB /* Manager */,
				8B3C1ED8255E6E1A00184D1A /* Networking */,
				8B3C1ED7255E6DF500184D1A /* Endpoints */,
			);
			path = Services;
			sourceTree = "<group>";
		};
		8B667C9F255E535000D433FF /* Base */ = {
			isa = PBXGroup;
			children = (
				8B3C1EBA255E66F400184D1A /* BaseVC.swift */,
				8B3C1EBE255E671400184D1A /* BaseConfigurator.swift */,
			);
			path = Base;
			sourceTree = "<group>";
		};
		8BDEE63E255E710600F9D5CB /* Manager */ = {
			isa = PBXGroup;
			children = (
				8B3C1ED4255E6CA200184D1A /* NetworkManager.swift */,
			);
			path = Manager;
			sourceTree = "<group>";
		};
		D1BB6CC85B28D0C17FA4CA3F /* Frameworks */ = {
			isa = PBXGroup;
			children = (
				AF2293BC037F77E270AF19F2 /* Pods_Reign_News.framework */,
			);
			name = Frameworks;
			sourceTree = "<group>";
		};
/* End PBXGroup section */

/* Begin PBXNativeTarget section */
		8B05179C255E468800D5F491 /* Reign News */ = {
			isa = PBXNativeTarget;
			buildConfigurationList = 8B0517B1255E468A00D5F491 /* Build configuration list for PBXNativeTarget "Reign News" */;
			buildPhases = (
				21C227801B2C37EAE5B756D7 /* [CP] Check Pods Manifest.lock */,
				8B051799255E468800D5F491 /* Sources */,
				8B05179A255E468800D5F491 /* Frameworks */,
				8B05179B255E468800D5F491 /* Resources */,
				03688EBD730E31390112A047 /* [CP] Embed Pods Frameworks */,
			);
			buildRules = (
			);
			dependencies = (
			);
			name = "Reign News";
			productName = "Reign News";
			productReference = 8B05179D255E468800D5F491 /* Reign News.app */;
			productType = "com.apple.product-type.application";
		};
/* End PBXNativeTarget section */

/* Begin PBXProject section */
		8B051795255E468700D5F491 /* Project object */ = {
			isa = PBXProject;
			attributes = {
				LastSwiftUpdateCheck = 1210;
				LastUpgradeCheck = 1210;
				TargetAttributes = {
					8B05179C255E468800D5F491 = {
						CreatedOnToolsVersion = 12.1;
					};
				};
			};
			buildConfigurationList = 8B051798255E468700D5F491 /* Build configuration list for PBXProject "Reign News" */;
			compatibilityVersion = "Xcode 9.3";
			developmentRegion = en;
			hasScannedForEncodings = 0;
			knownRegions = (
				en,
				Base,
			);
			mainGroup = 8B051794255E468700D5F491;
			productRefGroup = 8B05179E255E468800D5F491 /* Products */;
			projectDirPath = "";
			projectRoot = "";
			targets = (
				8B05179C255E468800D5F491 /* Reign News */,
			);
		};
/* End PBXProject section */

/* Begin PBXResourcesBuildPhase section */
		8B05179B255E468800D5F491 /* Resources */ = {
			isa = PBXResourcesBuildPhase;
			buildActionMask = 2147483647;
			files = (
				8B0517AD255E468A00D5F491 /* LaunchScreen.storyboard in Resources */,
				8B3C1EC2255E681100184D1A /* Environments.plist in Resources */,
				8B0517AA255E468A00D5F491 /* Assets.xcassets in Resources */,
				8B0517A8255E468800D5F491 /* Main.storyboard in Resources */,
			);
			runOnlyForDeploymentPostprocessing = 0;
		};
/* End PBXResourcesBuildPhase section */

/* Begin PBXShellScriptBuildPhase section */
		03688EBD730E31390112A047 /* [CP] Embed Pods Frameworks */ = {
			isa = PBXShellScriptBuildPhase;
			buildActionMask = 2147483647;
			files = (
			);
			inputFileListPaths = (
				"${PODS_ROOT}/Target Support Files/Pods-Reign News/Pods-Reign News-frameworks-${CONFIGURATION}-input-files.xcfilelist",
			);
			name = "[CP] Embed Pods Frameworks";
			outputFileListPaths = (
				"${PODS_ROOT}/Target Support Files/Pods-Reign News/Pods-Reign News-frameworks-${CONFIGURATION}-output-files.xcfilelist",
			);
			runOnlyForDeploymentPostprocessing = 0;
			shellPath = /bin/sh;
			shellScript = "\"${PODS_ROOT}/Target Support Files/Pods-Reign News/Pods-Reign News-frameworks.sh\"\n";
			showEnvVarsInLog = 0;
		};
		21C227801B2C37EAE5B756D7 /* [CP] Check Pods Manifest.lock */ = {
			isa = PBXShellScriptBuildPhase;
			buildActionMask = 2147483647;
			files = (
			);
			inputFileListPaths = (
			);
			inputPaths = (
				"${PODS_PODFILE_DIR_PATH}/Podfile.lock",
				"${PODS_ROOT}/Manifest.lock",
			);
			name = "[CP] Check Pods Manifest.lock";
			outputFileListPaths = (
			);
			outputPaths = (
				"$(DERIVED_FILE_DIR)/Pods-Reign News-checkManifestLockResult.txt",
			);
			runOnlyForDeploymentPostprocessing = 0;
			shellPath = /bin/sh;
			shellScript = "diff \"${PODS_PODFILE_DIR_PATH}/Podfile.lock\" \"${PODS_ROOT}/Manifest.lock\" > /dev/null\nif [ $? != 0 ] ; then\n    # print error to STDERR\n    echo \"error: The sandbox is not in sync with the Podfile.lock. Run 'pod install' or update your CocoaPods installation.\" >&2\n    exit 1\nfi\n# This output is used by Xcode 'outputs' to avoid re-running this script phase.\necho \"SUCCESS\" > \"${SCRIPT_OUTPUT_FILE_0}\"\n";
			showEnvVarsInLog = 0;
		};
/* End PBXShellScriptBuildPhase section */

/* Begin PBXSourcesBuildPhase section */
		8B051799255E468800D5F491 /* Sources */ = {
			isa = PBXSourcesBuildPhase;
			buildActionMask = 2147483647;
			files = (
				8B3C1ED2255E69CF00184D1A /* NetworkLogger.swift in Sources */,
				8B667C99255E524700D433FF /* RNNews.swift in Sources */,
				8B0517A1255E468800D5F491 /* AppDelegate.swift in Sources */,
				8B3C1ED5255E6CA200184D1A /* NetworkManager.swift in Sources */,
				8B667C92255E4EEC00D433FF /* RNUser.swift in Sources */,
				8B3C1EBB255E66F400184D1A /* BaseVC.swift in Sources */,
				8B667CA8255E61E300D433FF /* Router.swift in Sources */,
				8B3C1EC9255E699000184D1A /* HTTPMethod.swift in Sources */,
				8B0517A3255E468800D5F491 /* SceneDelegate.swift in Sources */,
				8B3C1ECF255E69B900184D1A /* HTTPTask.swift in Sources */,
				8B667C9D255E52E900D433FF /* MainVC.swift in Sources */,
				8B3C1EDA255E6E5C00184D1A /* NewsEndpoint.swift in Sources */,
				8B3C1ECC255E69AB00184D1A /* EndPointType.swift in Sources */,
				8B3C1EBF255E671400184D1A /* BaseConfigurator.swift in Sources */,
			);
			runOnlyForDeploymentPostprocessing = 0;
		};
/* End PBXSourcesBuildPhase section */

/* Begin PBXVariantGroup section */
		8B0517A6255E468800D5F491 /* Main.storyboard */ = {
			isa = PBXVariantGroup;
			children = (
				8B0517A7255E468800D5F491 /* Base */,
			);
			name = Main.storyboard;
			sourceTree = "<group>";
		};
		8B0517AB255E468A00D5F491 /* LaunchScreen.storyboard */ = {
			isa = PBXVariantGroup;
			children = (
				8B0517AC255E468A00D5F491 /* Base */,
			);
			name = LaunchScreen.storyboard;
			sourceTree = "<group>";
		};
/* End PBXVariantGroup section */

/* Begin XCBuildConfiguration section */
		8B0517AF255E468A00D5F491 /* Debug */ = {
			isa = XCBuildConfiguration;
			buildSettings = {
				ALWAYS_SEARCH_USER_PATHS = NO;
				CLANG_ANALYZER_NONNULL = YES;
				CLANG_ANALYZER_NUMBER_OBJECT_CONVERSION = YES_AGGRESSIVE;
				CLANG_CXX_LANGUAGE_STANDARD = "gnu++14";
				CLANG_CXX_LIBRARY = "libc++";
				CLANG_ENABLE_MODULES = YES;
				CLANG_ENABLE_OBJC_ARC = YES;
				CLANG_ENABLE_OBJC_WEAK = YES;
				CLANG_WARN_BLOCK_CAPTURE_AUTORELEASING = YES;
				CLANG_WARN_BOOL_CONVERSION = YES;
				CLANG_WARN_COMMA = YES;
				CLANG_WARN_CONSTANT_CONVERSION = YES;
				CLANG_WARN_DEPRECATED_OBJC_IMPLEMENTATIONS = YES;
				CLANG_WARN_DIRECT_OBJC_ISA_USAGE = YES_ERROR;
				CLANG_WARN_DOCUMENTATION_COMMENTS = YES;
				CLANG_WARN_EMPTY_BODY = YES;
				CLANG_WARN_ENUM_CONVERSION = YES;
				CLANG_WARN_INFINITE_RECURSION = YES;
				CLANG_WARN_INT_CONVERSION = YES;
				CLANG_WARN_NON_LITERAL_NULL_CONVERSION = YES;
				CLANG_WARN_OBJC_IMPLICIT_RETAIN_SELF = YES;
				CLANG_WARN_OBJC_LITERAL_CONVERSION = YES;
				CLANG_WARN_OBJC_ROOT_CLASS = YES_ERROR;
				CLANG_WARN_QUOTED_INCLUDE_IN_FRAMEWORK_HEADER = YES;
				CLANG_WARN_RANGE_LOOP_ANALYSIS = YES;
				CLANG_WARN_STRICT_PROTOTYPES = YES;
				CLANG_WARN_SUSPICIOUS_MOVE = YES;
				CLANG_WARN_UNGUARDED_AVAILABILITY = YES_AGGRESSIVE;
				CLANG_WARN_UNREACHABLE_CODE = YES;
				CLANG_WARN__DUPLICATE_METHOD_MATCH = YES;
				COPY_PHASE_STRIP = NO;
				DEBUG_INFORMATION_FORMAT = dwarf;
				ENABLE_STRICT_OBJC_MSGSEND = YES;
				ENABLE_TESTABILITY = YES;
				GCC_C_LANGUAGE_STANDARD = gnu11;
				GCC_DYNAMIC_NO_PIC = NO;
				GCC_NO_COMMON_BLOCKS = YES;
				GCC_OPTIMIZATION_LEVEL = 0;
				GCC_PREPROCESSOR_DEFINITIONS = (
					"DEBUG=1",
					"$(inherited)",
				);
				GCC_WARN_64_TO_32_BIT_CONVERSION = YES;
				GCC_WARN_ABOUT_RETURN_TYPE = YES_ERROR;
				GCC_WARN_UNDECLARED_SELECTOR = YES;
				GCC_WARN_UNINITIALIZED_AUTOS = YES_AGGRESSIVE;
				GCC_WARN_UNUSED_FUNCTION = YES;
				GCC_WARN_UNUSED_VARIABLE = YES;
				IPHONEOS_DEPLOYMENT_TARGET = 14.1;
				MTL_ENABLE_DEBUG_INFO = INCLUDE_SOURCE;
				MTL_FAST_MATH = YES;
				ONLY_ACTIVE_ARCH = YES;
				SDKROOT = iphoneos;
				SWIFT_ACTIVE_COMPILATION_CONDITIONS = DEBUG;
				SWIFT_OPTIMIZATION_LEVEL = "-Onone";
			};
			name = Debug;
		};
		8B0517B0255E468A00D5F491 /* Release */ = {
			isa = XCBuildConfiguration;
			buildSettings = {
				ALWAYS_SEARCH_USER_PATHS = NO;
				CLANG_ANALYZER_NONNULL = YES;
				CLANG_ANALYZER_NUMBER_OBJECT_CONVERSION = YES_AGGRESSIVE;
				CLANG_CXX_LANGUAGE_STANDARD = "gnu++14";
				CLANG_CXX_LIBRARY = "libc++";
				CLANG_ENABLE_MODULES = YES;
				CLANG_ENABLE_OBJC_ARC = YES;
				CLANG_ENABLE_OBJC_WEAK = YES;
				CLANG_WARN_BLOCK_CAPTURE_AUTORELEASING = YES;
				CLANG_WARN_BOOL_CONVERSION = YES;
				CLANG_WARN_COMMA = YES;
				CLANG_WARN_CONSTANT_CONVERSION = YES;
				CLANG_WARN_DEPRECATED_OBJC_IMPLEMENTATIONS = YES;
				CLANG_WARN_DIRECT_OBJC_ISA_USAGE = YES_ERROR;
				CLANG_WARN_DOCUMENTATION_COMMENTS = YES;
				CLANG_WARN_EMPTY_BODY = YES;
				CLANG_WARN_ENUM_CONVERSION = YES;
				CLANG_WARN_INFINITE_RECURSION = YES;
				CLANG_WARN_INT_CONVERSION = YES;
				CLANG_WARN_NON_LITERAL_NULL_CONVERSION = YES;
				CLANG_WARN_OBJC_IMPLICIT_RETAIN_SELF = YES;
				CLANG_WARN_OBJC_LITERAL_CONVERSION = YES;
				CLANG_WARN_OBJC_ROOT_CLASS = YES_ERROR;
				CLANG_WARN_QUOTED_INCLUDE_IN_FRAMEWORK_HEADER = YES;
				CLANG_WARN_RANGE_LOOP_ANALYSIS = YES;
				CLANG_WARN_STRICT_PROTOTYPES = YES;
				CLANG_WARN_SUSPICIOUS_MOVE = YES;
				CLANG_WARN_UNGUARDED_AVAILABILITY = YES_AGGRESSIVE;
				CLANG_WARN_UNREACHABLE_CODE = YES;
				CLANG_WARN__DUPLICATE_METHOD_MATCH = YES;
				COPY_PHASE_STRIP = NO;
				DEBUG_INFORMATION_FORMAT = "dwarf-with-dsym";
				ENABLE_NS_ASSERTIONS = NO;
				ENABLE_STRICT_OBJC_MSGSEND = YES;
				GCC_C_LANGUAGE_STANDARD = gnu11;
				GCC_NO_COMMON_BLOCKS = YES;
				GCC_WARN_64_TO_32_BIT_CONVERSION = YES;
				GCC_WARN_ABOUT_RETURN_TYPE = YES_ERROR;
				GCC_WARN_UNDECLARED_SELECTOR = YES;
				GCC_WARN_UNINITIALIZED_AUTOS = YES_AGGRESSIVE;
				GCC_WARN_UNUSED_FUNCTION = YES;
				GCC_WARN_UNUSED_VARIABLE = YES;
				IPHONEOS_DEPLOYMENT_TARGET = 14.1;
				MTL_ENABLE_DEBUG_INFO = NO;
				MTL_FAST_MATH = YES;
				SDKROOT = iphoneos;
				SWIFT_COMPILATION_MODE = wholemodule;
				SWIFT_OPTIMIZATION_LEVEL = "-O";
				VALIDATE_PRODUCT = YES;
			};
			name = Release;
		};
		8B0517B2255E468A00D5F491 /* Debug */ = {
			isa = XCBuildConfiguration;
			baseConfigurationReference = 53AA27186E056DD7C628622E /* Pods-Reign News.debug.xcconfig */;
			buildSettings = {
				ASSETCATALOG_COMPILER_APPICON_NAME = AppIcon;
				ASSETCATALOG_COMPILER_GLOBAL_ACCENT_COLOR_NAME = AccentColor;
				CODE_SIGN_STYLE = Automatic;
				DEVELOPMENT_TEAM = "";
				INFOPLIST_FILE = "$(SRCROOT)/Reign News/Supporting Files/Info.plist";
				LD_RUNPATH_SEARCH_PATHS = (
					"$(inherited)",
					"@executable_path/Frameworks",
				);
				PRODUCT_BUNDLE_IDENTIFIER = "Jonatan-Gonzalez.Reign-News";
				PRODUCT_NAME = "$(TARGET_NAME)";
				SWIFT_VERSION = 5.0;
				TARGETED_DEVICE_FAMILY = 1;
			};
			name = Debug;
		};
		8B0517B3255E468A00D5F491 /* Release */ = {
			isa = XCBuildConfiguration;
			baseConfigurationReference = C88B77A9DC4D1AF32F7FE5B8 /* Pods-Reign News.release.xcconfig */;
			buildSettings = {
				ASSETCATALOG_COMPILER_APPICON_NAME = AppIcon;
				ASSETCATALOG_COMPILER_GLOBAL_ACCENT_COLOR_NAME = AccentColor;
				CODE_SIGN_STYLE = Automatic;
				DEVELOPMENT_TEAM = "";
				INFOPLIST_FILE = "$(SRCROOT)/Reign News/Supporting Files/Info.plist";
				LD_RUNPATH_SEARCH_PATHS = (
					"$(inherited)",
					"@executable_path/Frameworks",
				);
				PRODUCT_BUNDLE_IDENTIFIER = "Jonatan-Gonzalez.Reign-News";
				PRODUCT_NAME = "$(TARGET_NAME)";
				SWIFT_VERSION = 5.0;
				TARGETED_DEVICE_FAMILY = 1;
			};
			name = Release;
		};
/* End XCBuildConfiguration section */

/* Begin XCConfigurationList section */
		8B051798255E468700D5F491 /* Build configuration list for PBXProject "Reign News" */ = {
			isa = XCConfigurationList;
			buildConfigurations = (
				8B0517AF255E468A00D5F491 /* Debug */,
				8B0517B0255E468A00D5F491 /* Release */,
			);
			defaultConfigurationIsVisible = 0;
			defaultConfigurationName = Release;
		};
		8B0517B1255E468A00D5F491 /* Build configuration list for PBXNativeTarget "Reign News" */ = {
			isa = XCConfigurationList;
			buildConfigurations = (
				8B0517B2255E468A00D5F491 /* Debug */,
				8B0517B3255E468A00D5F491 /* Release */,
			);
			defaultConfigurationIsVisible = 0;
			defaultConfigurationName = Release;
		};
/* End XCConfigurationList section */
	};
	rootObject = 8B051795255E468700D5F491 /* Project object */;
}
